
Microsoft Visual Studio Solution File, Format Version 12.00
# Visual Studio Version 17
VisualStudioVersion = 17.1.32421.90
MinimumVisualStudioVersion = 10.0.40219.1
Project("{FAE04EC0-301F-11D3-BF4B-00C04F79EFBC}") = "GerenciamentoContato", "GerenciamentoContato\GerenciamentoContato.csproj", "{025263CD-CBC5-46C8-A051-407CABA686DA}"
EndProject
Global
	GlobalSection(SolutionConfigurationPlatforms) = preSolution
		Debug|Any CPU = Debug|Any CPU
		Release|Any CPU = Release|Any CPU
	EndGlobalSection
	GlobalSection(ProjectConfigurationPlatforms) = postSolution
		{025263CD-CBC5-46C8-A051-407CABA686DA}.Debug|Any CPU.ActiveCfg = Debug|Any CPU
		{025263CD-CBC5-46C8-A051-407CABA686DA}.Debug|Any CPU.Build.0 = Debug|Any CPU
		{025263CD-CBC5-46C8-A051-407CABA686DA}.Release|Any CPU.ActiveCfg = Release|Any CPU
		{025263CD-CBC5-46C8-A051-407CABA686DA}.Release|Any CPU.Build.0 = Release|Any CPU
	EndGlobalSection
	GlobalSection(SolutionProperties) = preSolution
		HideSolutionNode = FALSE
	EndGlobalSection
	GlobalSection(ExtensibilityGlobals) = postSolution
		SolutionGuid = {F37089AC-047E-4DF7-BA45-D5ADA8F84931}
	EndGlobalSection
EndGlobal
