
Microsoft Visual Studio Solution File, Format Version 12.00
# Visual Studio Version 17
VisualStudioVersion = 17.1.32421.90
MinimumVisualStudioVersion = 10.0.40219.1
Project("{FAE04EC0-301F-11D3-BF4B-00C04F79EFBC}") = "Desafio Garagem", "Desafio Garagem\Desafio Garagem.csproj", "{504EE8CE-5BF6-406F-AC31-8C9C3825D2B2}"
EndProject
Global
	GlobalSection(SolutionConfigurationPlatforms) = preSolution
		Debug|Any CPU = Debug|Any CPU
		Release|Any CPU = Release|Any CPU
	EndGlobalSection
	GlobalSection(ProjectConfigurationPlatforms) = postSolution
		{504EE8CE-5BF6-406F-AC31-8C9C3825D2B2}.Debug|Any CPU.ActiveCfg = Debug|Any CPU
		{504EE8CE-5BF6-406F-AC31-8C9C3825D2B2}.Debug|Any CPU.Build.0 = Debug|Any CPU
		{504EE8CE-5BF6-406F-AC31-8C9C3825D2B2}.Release|Any CPU.ActiveCfg = Release|Any CPU
		{504EE8CE-5BF6-406F-AC31-8C9C3825D2B2}.Release|Any CPU.Build.0 = Release|Any CPU
	EndGlobalSection
	GlobalSection(SolutionProperties) = preSolution
		HideSolutionNode = FALSE
	EndGlobalSection
	GlobalSection(ExtensibilityGlobals) = postSolution
		SolutionGuid = {DF31A7AE-3A9F-4600-973E-D14BE2927433}
	EndGlobalSection
EndGlobal
